// !$*UTF8*$!
{
	archiveVersion = 1;
	classes = {
	};
	objectVersion = 50;
	objects = {

/* Begin PBXBuildFile section */
		D47557EC2283573800EC3B86 /* AppDelegate.swift in Sources */ = {isa = PBXBuildFile; fileRef = D47557EB2283573800EC3B86 /* AppDelegate.swift */; };
		D47557EE2283573800EC3B86 /* ViewController.swift in Sources */ = {isa = PBXBuildFile; fileRef = D47557ED2283573800EC3B86 /* ViewController.swift */; };
		D47557F12283573800EC3B86 /* Main.storyboard in Resources */ = {isa = PBXBuildFile; fileRef = D47557EF2283573800EC3B86 /* Main.storyboard */; };
		D47557F32283573D00EC3B86 /* Assets.xcassets in Resources */ = {isa = PBXBuildFile; fileRef = D47557F22283573D00EC3B86 /* Assets.xcassets */; };
		D47557F62283573D00EC3B86 /* LaunchScreen.storyboard in Resources */ = {isa = PBXBuildFile; fileRef = D47557F42283573D00EC3B86 /* LaunchScreen.storyboard */; };
		DA9597C17E9E32DCD7DF7AD1 /* ViewController+Bluetooth.swift in Sources */ = {isa = PBXBuildFile; fileRef = DA959FB3734D9ACB2FF17259 /* ViewController+Bluetooth.swift */; };
		DA959BE63EEFC07DC9DEDC0C /* Utils.swift in Sources */ = {isa = PBXBuildFile; fileRef = DA959D16E6E645A2B4DE238F /* Utils.swift */; };
/* End PBXBuildFile section */

/* Begin PBXFileReference section */
		D47557E82283573800EC3B86 /* swift-imu.app */ = {isa = PBXFileReference; explicitFileType = wrapper.application; includeInIndex = 0; path = "swift-imu.app"; sourceTree = BUILT_PRODUCTS_DIR; };
		D47557EB2283573800EC3B86 /* AppDelegate.swift */ = {isa = PBXFileReference; lastKnownFileType = sourcecode.swift; path = AppDelegate.swift; sourceTree = "<group>"; };
		D47557ED2283573800EC3B86 /* ViewController.swift */ = {isa = PBXFileReference; lastKnownFileType = sourcecode.swift; path = ViewController.swift; sourceTree = "<group>"; };
		D47557F02283573800EC3B86 /* Base */ = {isa = PBXFileReference; lastKnownFileType = file.storyboard; name = Base; path = Base.lproj/Main.storyboard; sourceTree = "<group>"; };
		D47557F22283573D00EC3B86 /* Assets.xcassets */ = {isa = PBXFileReference; lastKnownFileType = folder.assetcatalog; path = Assets.xcassets; sourceTree = "<group>"; };
		D47557F52283573D00EC3B86 /* Base */ = {isa = PBXFileReference; lastKnownFileType = file.storyboard; name = Base; path = Base.lproj/LaunchScreen.storyboard; sourceTree = "<group>"; };
		D47557F72283573D00EC3B86 /* Info.plist */ = {isa = PBXFileReference; lastKnownFileType = text.plist.xml; path = Info.plist; sourceTree = "<group>"; };
		DA959D16E6E645A2B4DE238F /* Utils.swift */ = {isa = PBXFileReference; fileEncoding = 4; lastKnownFileType = sourcecode.swift; path = Utils.swift; sourceTree = "<group>"; };
		DA959FB3734D9ACB2FF17259 /* ViewController+Bluetooth.swift */ = {isa = PBXFileReference; fileEncoding = 4; lastKnownFileType = sourcecode.swift; path = "ViewController+Bluetooth.swift"; sourceTree = "<group>"; };
/* End PBXFileReference section */

/* Begin PBXFrameworksBuildPhase section */
		D47557E52283573800EC3B86 /* Frameworks */ = {
			isa = PBXFrameworksBuildPhase;
			buildActionMask = 2147483647;
			files = (
			);
			runOnlyForDeploymentPostprocessing = 0;
		};
/* End PBXFrameworksBuildPhase section */

/* Begin PBXGroup section */
		D47557DF2283573700EC3B86 = {
			isa = PBXGroup;
			children = (
				D47557EA2283573800EC3B86 /* swift-imu */,
				D47557E92283573800EC3B86 /* Products */,
			);
			sourceTree = "<group>";
		};
		D47557E92283573800EC3B86 /* Products */ = {
			isa = PBXGroup;
			children = (
				D47557E82283573800EC3B86 /* swift-imu.app */,
			);
			name = Products;
			sourceTree = "<group>";
		};
		D47557EA2283573800EC3B86 /* swift-imu */ = {
			isa = PBXGroup;
			children = (
				D47557EB2283573800EC3B86 /* AppDelegate.swift */,
				D47557ED2283573800EC3B86 /* ViewController.swift */,
				D47557EF2283573800EC3B86 /* Main.storyboard */,
				D47557F22283573D00EC3B86 /* Assets.xcassets */,
				D47557F42283573D00EC3B86 /* LaunchScreen.storyboard */,
				D47557F72283573D00EC3B86 /* Info.plist */,
				DA959FB3734D9ACB2FF17259 /* ViewController+Bluetooth.swift */,
				DA95907C840D70E22D32430C /* Utils */,
			);
			path = "swift-imu";
			sourceTree = "<group>";
		};
		DA95907C840D70E22D32430C /* Utils */ = {
			isa = PBXGroup;
			children = (
				DA959D16E6E645A2B4DE238F /* Utils.swift */,
			);
			path = Utils;
			sourceTree = "<group>";
		};
/* End PBXGroup section */

/* Begin PBXNativeTarget section */
		D47557E72283573800EC3B86 /* swift-imu */ = {
			isa = PBXNativeTarget;
			buildConfigurationList = D47557FA2283573D00EC3B86 /* Build configuration list for PBXNativeTarget "swift-imu" */;
			buildPhases = (
				D47557E42283573800EC3B86 /* Sources */,
				D47557E52283573800EC3B86 /* Frameworks */,
				D47557E62283573800EC3B86 /* Resources */,
			);
			buildRules = (
			);
			dependencies = (
			);
			name = "swift-imu";
			productName = "swift-imu";
			productReference = D47557E82283573800EC3B86 /* swift-imu.app */;
			productType = "com.apple.product-type.application";
		};
/* End PBXNativeTarget section */

/* Begin PBXProject section */
		D47557E02283573700EC3B86 /* Project object */ = {
			isa = PBXProject;
			attributes = {
				LastSwiftUpdateCheck = 1020;
				LastUpgradeCheck = 1020;
				ORGANIZATIONNAME = "Alejandro Mendoza";
				TargetAttributes = {
					D47557E72283573800EC3B86 = {
						CreatedOnToolsVersion = 10.2.1;
					};
				};
			};
			buildConfigurationList = D47557E32283573700EC3B86 /* Build configuration list for PBXProject "swift-imu" */;
			compatibilityVersion = "Xcode 9.3";
			developmentRegion = en;
			hasScannedForEncodings = 0;
			knownRegions = (
				en,
				Base,
			);
			mainGroup = D47557DF2283573700EC3B86;
			productRefGroup = D47557E92283573800EC3B86 /* Products */;
			projectDirPath = "";
			projectRoot = "";
			targets = (
				D47557E72283573800EC3B86 /* swift-imu */,
			);
		};
/* End PBXProject section */

/* Begin PBXResourcesBuildPhase section */
		D47557E62283573800EC3B86 /* Resources */ = {
			isa = PBXResourcesBuildPhase;
			buildActionMask = 2147483647;
			files = (
				D47557F62283573D00EC3B86 /* LaunchScreen.storyboard in Resources */,
				D47557F32283573D00EC3B86 /* Assets.xcassets in Resources */,
				D47557F12283573800EC3B86 /* Main.storyboard in Resources */,
			);
			runOnlyForDeploymentPostprocessing = 0;
		};
/* End PBXResourcesBuildPhase section */

/* Begin PBXSourcesBuildPhase section */
		D47557E42283573800EC3B86 /* Sources */ = {
			isa = PBXSourcesBuildPhase;
			buildActionMask = 2147483647;
			files = (
				D47557EE2283573800EC3B86 /* ViewController.swift in Sources */,
				D47557EC2283573800EC3B86 /* AppDelegate.swift in Sources */,
				DA9597C17E9E32DCD7DF7AD1 /* ViewController+Bluetooth.swift in Sources */,
				DA959BE63EEFC07DC9DEDC0C /* Utils.swift in Sources */,
			);
			runOnlyForDeploymentPostprocessing = 0;
		};
/* End PBXSourcesBuildPhase section */

/* Begin PBXVariantGroup section */
		D47557EF2283573800EC3B86 /* Main.storyboard */ = {
			isa = PBXVariantGroup;
			children = (
				D47557F02283573800EC3B86 /* Base */,
			);
			name = Main.storyboard;
			sourceTree = "<group>";
		};
		D47557F42283573D00EC3B86 /* LaunchScreen.storyboard */ = {
			isa = PBXVariantGroup;
			children = (
				D47557F52283573D00EC3B86 /* Base */,
			);
			name = LaunchScreen.storyboard;
			sourceTree = "<group>";
		};
/* End PBXVariantGroup section */

/* Begin XCBuildConfiguration section */
		D47557F82283573D00EC3B86 /* Debug */ = {
			isa = XCBuildConfiguration;
			buildSettings = {
				ALWAYS_SEARCH_USER_PATHS = NO;
				CLANG_ANALYZER_NONNULL = YES;
				CLANG_ANALYZER_NUMBER_OBJECT_CONVERSION = YES_AGGRESSIVE;
				CLANG_CXX_LANGUAGE_STANDARD = "gnu++14";
				CLANG_CXX_LIBRARY = "libc++";
				CLANG_ENABLE_MODULES = YES;
				CLANG_ENABLE_OBJC_ARC = YES;
				CLANG_ENABLE_OBJC_WEAK = YES;
				CLANG_WARN_BLOCK_CAPTURE_AUTORELEASING = YES;
				CLANG_WARN_BOOL_CONVERSION = YES;
				CLANG_WARN_COMMA = YES;
				CLANG_WARN_CONSTANT_CONVERSION = YES;
				CLANG_WARN_DEPRECATED_OBJC_IMPLEMENTATIONS = YES;
				CLANG_WARN_DIRECT_OBJC_ISA_USAGE = YES_ERROR;
				CLANG_WARN_DOCUMENTATION_COMMENTS = YES;
				CLANG_WARN_EMPTY_BODY = YES;
				CLANG_WARN_ENUM_CONVERSION = YES;
				CLANG_WARN_INFINITE_RECURSION = YES;
				CLANG_WARN_INT_CONVERSION = YES;
				CLANG_WARN_NON_LITERAL_NULL_CONVERSION = YES;
				CLANG_WARN_OBJC_IMPLICIT_RETAIN_SELF = YES;
				CLANG_WARN_OBJC_LITERAL_CONVERSION = YES;
				CLANG_WARN_OBJC_ROOT_CLASS = YES_ERROR;
				CLANG_WARN_RANGE_LOOP_ANALYSIS = YES;
				CLANG_WARN_STRICT_PROTOTYPES = YES;
				CLANG_WARN_SUSPICIOUS_MOVE = YES;
				CLANG_WARN_UNGUARDED_AVAILABILITY = YES_AGGRESSIVE;
				CLANG_WARN_UNREACHABLE_CODE = YES;
				CLANG_WARN__DUPLICATE_METHOD_MATCH = YES;
				CODE_SIGN_IDENTITY = "iPhone Developer";
				COPY_PHASE_STRIP = NO;
				DEBUG_INFORMATION_FORMAT = dwarf;
				ENABLE_STRICT_OBJC_MSGSEND = YES;
				ENABLE_TESTABILITY = YES;
				GCC_C_LANGUAGE_STANDARD = gnu11;
				GCC_DYNAMIC_NO_PIC = NO;
				GCC_NO_COMMON_BLOCKS = YES;
				GCC_OPTIMIZATION_LEVEL = 0;
				GCC_PREPROCESSOR_DEFINITIONS = (
					"DEBUG=1",
					"$(inherited)",
				);
				GCC_WARN_64_TO_32_BIT_CONVERSION = YES;
				GCC_WARN_ABOUT_RETURN_TYPE = YES_ERROR;
				GCC_WARN_UNDECLARED_SELECTOR = YES;
				GCC_WARN_UNINITIALIZED_AUTOS = YES_AGGRESSIVE;
				GCC_WARN_UNUSED_FUNCTION = YES;
				GCC_WARN_UNUSED_VARIABLE = YES;
				IPHONEOS_DEPLOYMENT_TARGET = 12.2;
				MTL_ENABLE_DEBUG_INFO = INCLUDE_SOURCE;
				MTL_FAST_MATH = YES;
				ONLY_ACTIVE_ARCH = YES;
				SDKROOT = iphoneos;
				SWIFT_ACTIVE_COMPILATION_CONDITIONS = DEBUG;
				SWIFT_OPTIMIZATION_LEVEL = "-Onone";
			};
			name = Debug;
		};
		D47557F92283573D00EC3B86 /* Release */ = {
			isa = XCBuildConfiguration;
			buildSettings = {
				ALWAYS_SEARCH_USER_PATHS = NO;
				CLANG_ANALYZER_NONNULL = YES;
				CLANG_ANALYZER_NUMBER_OBJECT_CONVERSION = YES_AGGRESSIVE;
				CLANG_CXX_LANGUAGE_STANDARD = "gnu++14";
				CLANG_CXX_LIBRARY = "libc++";
				CLANG_ENABLE_MODULES = YES;
				CLANG_ENABLE_OBJC_ARC = YES;
				CLANG_ENABLE_OBJC_WEAK = YES;
				CLANG_WARN_BLOCK_CAPTURE_AUTORELEASING = YES;
				CLANG_WARN_BOOL_CONVERSION = YES;
				CLANG_WARN_COMMA = YES;
				CLANG_WARN_CONSTANT_CONVERSION = YES;
				CLANG_WARN_DEPRECATED_OBJC_IMPLEMENTATIONS = YES;
				CLANG_WARN_DIRECT_OBJC_ISA_USAGE = YES_ERROR;
				CLANG_WARN_DOCUMENTATION_COMMENTS = YES;
				CLANG_WARN_EMPTY_BODY = YES;
				CLANG_WARN_ENUM_CONVERSION = YES;
				CLANG_WARN_INFINITE_RECURSION = YES;
				CLANG_WARN_INT_CONVERSION = YES;
				CLANG_WARN_NON_LITERAL_NULL_CONVERSION = YES;
				CLANG_WARN_OBJC_IMPLICIT_RETAIN_SELF = YES;
				CLANG_WARN_OBJC_LITERAL_CONVERSION = YES;
				CLANG_WARN_OBJC_ROOT_CLASS = YES_ERROR;
				CLANG_WARN_RANGE_LOOP_ANALYSIS = YES;
				CLANG_WARN_STRICT_PROTOTYPES = YES;
				CLANG_WARN_SUSPICIOUS_MOVE = YES;
				CLANG_WARN_UNGUARDED_AVAILABILITY = YES_AGGRESSIVE;
				CLANG_WARN_UNREACHABLE_CODE = YES;
				CLANG_WARN__DUPLICATE_METHOD_MATCH = YES;
				CODE_SIGN_IDENTITY = "iPhone Developer";
				COPY_PHASE_STRIP = NO;
				DEBUG_INFORMATION_FORMAT = "dwarf-with-dsym";
				ENABLE_NS_ASSERTIONS = NO;
				ENABLE_STRICT_OBJC_MSGSEND = YES;
				GCC_C_LANGUAGE_STANDARD = gnu11;
				GCC_NO_COMMON_BLOCKS = YES;
				GCC_WARN_64_TO_32_BIT_CONVERSION = YES;
				GCC_WARN_ABOUT_RETURN_TYPE = YES_ERROR;
				GCC_WARN_UNDECLARED_SELECTOR = YES;
				GCC_WARN_UNINITIALIZED_AUTOS = YES_AGGRESSIVE;
				GCC_WARN_UNUSED_FUNCTION = YES;
				GCC_WARN_UNUSED_VARIABLE = YES;
				IPHONEOS_DEPLOYMENT_TARGET = 12.2;
				MTL_ENABLE_DEBUG_INFO = NO;
				MTL_FAST_MATH = YES;
				SDKROOT = iphoneos;
				SWIFT_COMPILATION_MODE = wholemodule;
				SWIFT_OPTIMIZATION_LEVEL = "-O";
				VALIDATE_PRODUCT = YES;
			};
			name = Release;
		};
		D47557FB2283573D00EC3B86 /* Debug */ = {
			isa = XCBuildConfiguration;
			buildSettings = {
				ASSETCATALOG_COMPILER_APPICON_NAME = AppIcon;
				CODE_SIGN_STYLE = Automatic;
				DEVELOPMENT_TEAM = 27MUBRMHKJ;
				INFOPLIST_FILE = "swift-imu/Info.plist";
				LD_RUNPATH_SEARCH_PATHS = (
					"$(inherited)",
					"@executable_path/Frameworks",
				);
				PRODUCT_BUNDLE_IDENTIFIER = "com.zippi.swift-imu";
				PRODUCT_NAME = "$(TARGET_NAME)";
				SWIFT_VERSION = 5.0;
				TARGETED_DEVICE_FAMILY = "1,2";
			};
			name = Debug;
		};
		D47557FC2283573D00EC3B86 /* Release */ = {
			isa = XCBuildConfiguration;
			buildSettings = {
				ASSETCATALOG_COMPILER_APPICON_NAME = AppIcon;
				CODE_SIGN_STYLE = Automatic;
				DEVELOPMENT_TEAM = 27MUBRMHKJ;
				INFOPLIST_FILE = "swift-imu/Info.plist";
				LD_RUNPATH_SEARCH_PATHS = (
					"$(inherited)",
					"@executable_path/Frameworks",
				);
				PRODUCT_BUNDLE_IDENTIFIER = "com.zippi.swift-imu";
				PRODUCT_NAME = "$(TARGET_NAME)";
				SWIFT_VERSION = 5.0;
				TARGETED_DEVICE_FAMILY = "1,2";
			};
			name = Release;
		};
/* End XCBuildConfiguration section */

/* Begin XCConfigurationList section */
		D47557E32283573700EC3B86 /* Build configuration list for PBXProject "swift-imu" */ = {
			isa = XCConfigurationList;
			buildConfigurations = (
				D47557F82283573D00EC3B86 /* Debug */,
				D47557F92283573D00EC3B86 /* Release */,
			);
			defaultConfigurationIsVisible = 0;
			defaultConfigurationName = Release;
		};
		D47557FA2283573D00EC3B86 /* Build configuration list for PBXNativeTarget "swift-imu" */ = {
			isa = XCConfigurationList;
			buildConfigurations = (
				D47557FB2283573D00EC3B86 /* Debug */,
				D47557FC2283573D00EC3B86 /* Release */,
			);
			defaultConfigurationIsVisible = 0;
			defaultConfigurationName = Release;
		};
/* End XCConfigurationList section */
	};
	rootObject = D47557E02283573700EC3B86 /* Project object */;
}
